github.com/google/uuid v1.2.0 h1:qJYtXnJRWmpe7m/3XlyhrsLrEURqHRM2kxzoxXqyUDs=
github.com/google/uuid v1.2.0/go.mod h1:TIyPZe4MgqvfeYDBFedMoGGpEw/LqOeaOT+nhxU+yHo=
github.com/luraproject/lura/v2 v2.0.4 h1:Syf7TjWj7pjTvt4BvHHXDHLBxEVuGT2G3PZ4Kzxf5R4=
github.com/luraproject/lura/v2 v2.0.4/go.mod h1:1FhL+5a9uH6o7zMNstXlcjznL5yt2lZ9Q8efanmvw9w=
